
Microsoft Visual Studio Solution File, Format Version 12.00
Project("{FAE04EC0-301F-11D3-BF4B-00C04F79EFBC}") = "ChessLogicSharp", "ChessLogicSharp\ChessLogicSharp.csproj", "{D75FFAE5-6454-463D-91C4-7D64899E6392}"
EndProject
Project("{FAE04EC0-301F-11D3-BF4B-00C04F79EFBC}") = "ChessLogicTests", "ChessLogicTests\ChessLogicTests.csproj", "{24A94768-4564-416C-9E9C-138013598508}"
EndProject
Global
	GlobalSection(SolutionConfigurationPlatforms) = preSolution
		Debug|Any CPU = Debug|Any CPU
		Release|Any CPU = Release|Any CPU
	EndGlobalSection
	GlobalSection(ProjectConfigurationPlatforms) = postSolution
		{D75FFAE5-6454-463D-91C4-7D64899E6392}.Debug|Any CPU.ActiveCfg = Debug|Any CPU
		{D75FFAE5-6454-463D-91C4-7D64899E6392}.Debug|Any CPU.Build.0 = Debug|Any CPU
		{D75FFAE5-6454-463D-91C4-7D64899E6392}.Release|Any CPU.ActiveCfg = Release|Any CPU
		{D75FFAE5-6454-463D-91C4-7D64899E6392}.Release|Any CPU.Build.0 = Release|Any CPU
		{24A94768-4564-416C-9E9C-138013598508}.Debug|Any CPU.ActiveCfg = Debug|Any CPU
		{24A94768-4564-416C-9E9C-138013598508}.Debug|Any CPU.Build.0 = Debug|Any CPU
		{24A94768-4564-416C-9E9C-138013598508}.Release|Any CPU.ActiveCfg = Release|Any CPU
		{24A94768-4564-416C-9E9C-138013598508}.Release|Any CPU.Build.0 = Release|Any CPU
	EndGlobalSection
EndGlobal
